
Microsoft Visual Studio Solution File, Format Version 12.00
# Visual Studio Version 16
VisualStudioVersion = 16.0.30413.136
MinimumVisualStudioVersion = 10.0.40219.1
Project("{8BC9CEB8-8B4A-11D0-8D11-00A0C91BC942}") = "InstructionSets", "InstructionSets\InstructionSets.vcxproj", "{829D04DB-565B-4615-950C-248C492F71A0}"
EndProject
Project("{8BC9CEB8-8B4A-11D0-8D11-00A0C91BC942}") = "capstone_static", "Capstone\capstone_static.vcxproj", "{5B01D900-2359-44CA-9914-6B0C6AFB7BE7}"
EndProject
Global
	GlobalSection(SolutionConfigurationPlatforms) = preSolution
		Debug|x64 = Debug|x64
		Debug|x86 = Debug|x86
		Release|x64 = Release|x64
		Release|x86 = Release|x86
	EndGlobalSection
	GlobalSection(ProjectConfigurationPlatforms) = postSolution
		{829D04DB-565B-4615-950C-248C492F71A0}.Debug|x64.ActiveCfg = Debug|x64
		{829D04DB-565B-4615-950C-248C492F71A0}.Debug|x64.Build.0 = Debug|x64
		{829D04DB-565B-4615-950C-248C492F71A0}.Debug|x86.ActiveCfg = Debug|Win32
		{829D04DB-565B-4615-950C-248C492F71A0}.Debug|x86.Build.0 = Debug|Win32
		{829D04DB-565B-4615-950C-248C492F71A0}.Release|x64.ActiveCfg = Release|x64
		{829D04DB-565B-4615-950C-248C492F71A0}.Release|x64.Build.0 = Release|x64
		{829D04DB-565B-4615-950C-248C492F71A0}.Release|x86.ActiveCfg = Release|Win32
		{829D04DB-565B-4615-950C-248C492F71A0}.Release|x86.Build.0 = Release|Win32
		{5B01D900-2359-44CA-9914-6B0C6AFB7BE7}.Debug|x64.ActiveCfg = Debug|x64
		{5B01D900-2359-44CA-9914-6B0C6AFB7BE7}.Debug|x64.Build.0 = Debug|x64
		{5B01D900-2359-44CA-9914-6B0C6AFB7BE7}.Debug|x86.ActiveCfg = Debug|Win32
		{5B01D900-2359-44CA-9914-6B0C6AFB7BE7}.Debug|x86.Build.0 = Debug|Win32
		{5B01D900-2359-44CA-9914-6B0C6AFB7BE7}.Release|x64.ActiveCfg = Release|x64
		{5B01D900-2359-44CA-9914-6B0C6AFB7BE7}.Release|x64.Build.0 = Release|x64
		{5B01D900-2359-44CA-9914-6B0C6AFB7BE7}.Release|x86.ActiveCfg = Release|Win32
		{5B01D900-2359-44CA-9914-6B0C6AFB7BE7}.Release|x86.Build.0 = Release|Win32
	EndGlobalSection
	GlobalSection(SolutionProperties) = preSolution
		HideSolutionNode = FALSE
	EndGlobalSection
	GlobalSection(ExtensibilityGlobals) = postSolution
		SolutionGuid = {4ED26B8F-CB8B-4029-97CF-4FF778EE26A7}
	EndGlobalSection
EndGlobal
